
Microsoft Visual Studio Solution File, Format Version 12.00
# Visual Studio Version 17
VisualStudioVersion = 17.12.35410.144
MinimumVisualStudioVersion = 10.0.40219.1
Project("{54A90642-561A-4BB1-A94E-469ADEE60C69}") = "customer-final", "apps\customer-final\front\customer-final.esproj", "{E674D76B-3B31-8C72-5AEF-99CC4936861E}"
EndProject
Project("{54A90642-561A-4BB1-A94E-469ADEE60C69}") = "models-generator", "platforms\services\ModelGenerator\models-generator.esproj", "{0D6E900E-6D04-EB0C-5E34-F1BCF0AC6248}"
EndProject
Project("{54A90642-561A-4BB1-A94E-469ADEE60C69}") = "data-access-layer", "platforms\services\data-access-layer\data-access-layer.esproj", "{CB02C990-C604-BC72-9FA1-F057090BA49B}"
EndProject
Project("{54A90642-561A-4BB1-A94E-469ADEE60C69}") = "base-classes", "platforms\services\base-classes\base-classes.esproj", "{AAFBAE36-4A83-244F-B5CE-C82FD3041B07}"
EndProject
Project("{2150E333-8FDC-42A3-9474-1A3956D46DE8}") = "front", "front", "{02EA681E-C7D8-13C7-8484-4AC65E1B71E8}"
EndProject
Project("{2150E333-8FDC-42A3-9474-1A3956D46DE8}") = "back", "back", "{DDDE42CE-7268-48D2-935D-7F842B65BC2F}"
EndProject
Project("{2150E333-8FDC-42A3-9474-1A3956D46DE8}") = "api", "api", "{53732903-5B3C-4A3C-9F59-538B5EA7846F}"
EndProject
Project("{2150E333-8FDC-42A3-9474-1A3956D46DE8}") = "dal", "dal", "{D7634A79-FC4A-4947-8788-C6484925A46A}"
EndProject
Project("{2150E333-8FDC-42A3-9474-1A3956D46DE8}") = "base", "base", "{3B4338CA-02CA-4503-A11C-9CBF7FD23897}"
EndProject
Project("{2150E333-8FDC-42A3-9474-1A3956D46DE8}") = "generator", "generator", "{1265C23B-E3DB-4FDE-877A-3AF640718D73}"
EndProject
Project("{54A90642-561A-4BB1-A94E-469ADEE60C69}") = "user-service", "platforms\microservices\user-service\user-service.esproj", "{EEED47AD-76CD-AE2F-F060-E1B95298D78A}"
EndProject
Project("{54A90642-561A-4BB1-A94E-469ADEE60C69}") = "restaurant-service", "platforms\microservices\restaurant-service\restaurant-service.esproj", "{424A94BB-25A0-E5A5-C73B-0EB2A13C13ED}"
EndProject
Project("{54A90642-561A-4BB1-A94E-469ADEE60C69}") = "auth-service", "platforms\microservices\auth-service\auth-service.esproj", "{0D87B30D-3859-DF82-14F1-7FD27C3BDAA3}"
EndProject
Project("{2150E333-8FDC-42A3-9474-1A3956D46DE8}") = "broker", "broker", "{617C0370-DD11-4C9C-9519-EB41DAFC9598}"
EndProject
Project("{54A90642-561A-4BB1-A94E-469ADEE60C69}") = "message-broker-service", "platforms\services\message-broker-service\message-broker-service.esproj", "{0DB0506D-FC45-8A47-A8E1-6F6F25A7DA08}"
EndProject
Project("{54A90642-561A-4BB1-A94E-469ADEE60C69}") = "local-middleware", "apps\customer-final\local-middleware\local-middleware.esproj", "{BBD94EBE-F653-4ABA-0F89-71111FFB91D8}"
EndProject
Project("{54A90642-561A-4BB1-A94E-469ADEE60C69}") = "proxy", "apps\customer-final\proxy\proxy.esproj", "{964AAA16-A17E-1D20-D4AD-9CA011DDAD47}"
EndProject
Project("{2150E333-8FDC-42A3-9474-1A3956D46DE8}") = "resolver", "resolver", "{50DF90C9-5708-411A-9D7B-9C20DC4E1705}"
EndProject
Project("{54A90642-561A-4BB1-A94E-469ADEE60C69}") = "request-resolver-service", "platforms\services\request-resolver-service\request-resolver-service.esproj", "{13E98464-688F-A204-BF36-CD159D0A693B}"
EndProject
Global
	GlobalSection(SolutionConfigurationPlatforms) = preSolution
		Debug|Any CPU = Debug|Any CPU
		Release|Any CPU = Release|Any CPU
	EndGlobalSection
	GlobalSection(ProjectConfigurationPlatforms) = postSolution
		{E674D76B-3B31-8C72-5AEF-99CC4936861E}.Debug|Any CPU.ActiveCfg = Debug|Any CPU
		{E674D76B-3B31-8C72-5AEF-99CC4936861E}.Debug|Any CPU.Build.0 = Debug|Any CPU
		{E674D76B-3B31-8C72-5AEF-99CC4936861E}.Debug|Any CPU.Deploy.0 = Debug|Any CPU
		{E674D76B-3B31-8C72-5AEF-99CC4936861E}.Release|Any CPU.ActiveCfg = Release|Any CPU
		{E674D76B-3B31-8C72-5AEF-99CC4936861E}.Release|Any CPU.Build.0 = Release|Any CPU
		{E674D76B-3B31-8C72-5AEF-99CC4936861E}.Release|Any CPU.Deploy.0 = Release|Any CPU
		{0D6E900E-6D04-EB0C-5E34-F1BCF0AC6248}.Debug|Any CPU.ActiveCfg = Debug|Any CPU
		{0D6E900E-6D04-EB0C-5E34-F1BCF0AC6248}.Debug|Any CPU.Build.0 = Debug|Any CPU
		{0D6E900E-6D04-EB0C-5E34-F1BCF0AC6248}.Debug|Any CPU.Deploy.0 = Debug|Any CPU
		{0D6E900E-6D04-EB0C-5E34-F1BCF0AC6248}.Release|Any CPU.ActiveCfg = Release|Any CPU
		{0D6E900E-6D04-EB0C-5E34-F1BCF0AC6248}.Release|Any CPU.Build.0 = Release|Any CPU
		{0D6E900E-6D04-EB0C-5E34-F1BCF0AC6248}.Release|Any CPU.Deploy.0 = Release|Any CPU
		{CB02C990-C604-BC72-9FA1-F057090BA49B}.Debug|Any CPU.ActiveCfg = Debug|Any CPU
		{CB02C990-C604-BC72-9FA1-F057090BA49B}.Debug|Any CPU.Build.0 = Debug|Any CPU
		{CB02C990-C604-BC72-9FA1-F057090BA49B}.Debug|Any CPU.Deploy.0 = Debug|Any CPU
		{CB02C990-C604-BC72-9FA1-F057090BA49B}.Release|Any CPU.ActiveCfg = Release|Any CPU
		{CB02C990-C604-BC72-9FA1-F057090BA49B}.Release|Any CPU.Build.0 = Release|Any CPU
		{CB02C990-C604-BC72-9FA1-F057090BA49B}.Release|Any CPU.Deploy.0 = Release|Any CPU
		{AAFBAE36-4A83-244F-B5CE-C82FD3041B07}.Debug|Any CPU.ActiveCfg = Debug|Any CPU
		{AAFBAE36-4A83-244F-B5CE-C82FD3041B07}.Debug|Any CPU.Build.0 = Debug|Any CPU
		{AAFBAE36-4A83-244F-B5CE-C82FD3041B07}.Debug|Any CPU.Deploy.0 = Debug|Any CPU
		{AAFBAE36-4A83-244F-B5CE-C82FD3041B07}.Release|Any CPU.ActiveCfg = Release|Any CPU
		{AAFBAE36-4A83-244F-B5CE-C82FD3041B07}.Release|Any CPU.Build.0 = Release|Any CPU
		{AAFBAE36-4A83-244F-B5CE-C82FD3041B07}.Release|Any CPU.Deploy.0 = Release|Any CPU
		{EEED47AD-76CD-AE2F-F060-E1B95298D78A}.Debug|Any CPU.ActiveCfg = Debug|Any CPU
		{EEED47AD-76CD-AE2F-F060-E1B95298D78A}.Debug|Any CPU.Build.0 = Debug|Any CPU
		{EEED47AD-76CD-AE2F-F060-E1B95298D78A}.Debug|Any CPU.Deploy.0 = Debug|Any CPU
		{EEED47AD-76CD-AE2F-F060-E1B95298D78A}.Release|Any CPU.ActiveCfg = Release|Any CPU
		{EEED47AD-76CD-AE2F-F060-E1B95298D78A}.Release|Any CPU.Build.0 = Release|Any CPU
		{EEED47AD-76CD-AE2F-F060-E1B95298D78A}.Release|Any CPU.Deploy.0 = Release|Any CPU
		{424A94BB-25A0-E5A5-C73B-0EB2A13C13ED}.Debug|Any CPU.ActiveCfg = Debug|Any CPU
		{424A94BB-25A0-E5A5-C73B-0EB2A13C13ED}.Debug|Any CPU.Build.0 = Debug|Any CPU
		{424A94BB-25A0-E5A5-C73B-0EB2A13C13ED}.Debug|Any CPU.Deploy.0 = Debug|Any CPU
		{424A94BB-25A0-E5A5-C73B-0EB2A13C13ED}.Release|Any CPU.ActiveCfg = Release|Any CPU
		{424A94BB-25A0-E5A5-C73B-0EB2A13C13ED}.Release|Any CPU.Build.0 = Release|Any CPU
		{424A94BB-25A0-E5A5-C73B-0EB2A13C13ED}.Release|Any CPU.Deploy.0 = Release|Any CPU
		{0D87B30D-3859-DF82-14F1-7FD27C3BDAA3}.Debug|Any CPU.ActiveCfg = Debug|Any CPU
		{0D87B30D-3859-DF82-14F1-7FD27C3BDAA3}.Debug|Any CPU.Build.0 = Debug|Any CPU
		{0D87B30D-3859-DF82-14F1-7FD27C3BDAA3}.Debug|Any CPU.Deploy.0 = Debug|Any CPU
		{0D87B30D-3859-DF82-14F1-7FD27C3BDAA3}.Release|Any CPU.ActiveCfg = Release|Any CPU
		{0D87B30D-3859-DF82-14F1-7FD27C3BDAA3}.Release|Any CPU.Build.0 = Release|Any CPU
		{0D87B30D-3859-DF82-14F1-7FD27C3BDAA3}.Release|Any CPU.Deploy.0 = Release|Any CPU
		{0DB0506D-FC45-8A47-A8E1-6F6F25A7DA08}.Debug|Any CPU.ActiveCfg = Debug|Any CPU
		{0DB0506D-FC45-8A47-A8E1-6F6F25A7DA08}.Debug|Any CPU.Build.0 = Debug|Any CPU
		{0DB0506D-FC45-8A47-A8E1-6F6F25A7DA08}.Debug|Any CPU.Deploy.0 = Debug|Any CPU
		{0DB0506D-FC45-8A47-A8E1-6F6F25A7DA08}.Release|Any CPU.ActiveCfg = Release|Any CPU
		{0DB0506D-FC45-8A47-A8E1-6F6F25A7DA08}.Release|Any CPU.Build.0 = Release|Any CPU
		{0DB0506D-FC45-8A47-A8E1-6F6F25A7DA08}.Release|Any CPU.Deploy.0 = Release|Any CPU
		{BBD94EBE-F653-4ABA-0F89-71111FFB91D8}.Debug|Any CPU.ActiveCfg = Debug|Any CPU
		{BBD94EBE-F653-4ABA-0F89-71111FFB91D8}.Debug|Any CPU.Build.0 = Debug|Any CPU
		{BBD94EBE-F653-4ABA-0F89-71111FFB91D8}.Debug|Any CPU.Deploy.0 = Debug|Any CPU
		{BBD94EBE-F653-4ABA-0F89-71111FFB91D8}.Release|Any CPU.ActiveCfg = Release|Any CPU
		{BBD94EBE-F653-4ABA-0F89-71111FFB91D8}.Release|Any CPU.Build.0 = Release|Any CPU
		{BBD94EBE-F653-4ABA-0F89-71111FFB91D8}.Release|Any CPU.Deploy.0 = Release|Any CPU
		{964AAA16-A17E-1D20-D4AD-9CA011DDAD47}.Debug|Any CPU.ActiveCfg = Debug|Any CPU
		{964AAA16-A17E-1D20-D4AD-9CA011DDAD47}.Debug|Any CPU.Build.0 = Debug|Any CPU
		{964AAA16-A17E-1D20-D4AD-9CA011DDAD47}.Debug|Any CPU.Deploy.0 = Debug|Any CPU
		{964AAA16-A17E-1D20-D4AD-9CA011DDAD47}.Release|Any CPU.ActiveCfg = Release|Any CPU
		{964AAA16-A17E-1D20-D4AD-9CA011DDAD47}.Release|Any CPU.Build.0 = Release|Any CPU
		{964AAA16-A17E-1D20-D4AD-9CA011DDAD47}.Release|Any CPU.Deploy.0 = Release|Any CPU
		{13E98464-688F-A204-BF36-CD159D0A693B}.Debug|Any CPU.ActiveCfg = Debug|Any CPU
		{13E98464-688F-A204-BF36-CD159D0A693B}.Debug|Any CPU.Build.0 = Debug|Any CPU
		{13E98464-688F-A204-BF36-CD159D0A693B}.Debug|Any CPU.Deploy.0 = Debug|Any CPU
		{13E98464-688F-A204-BF36-CD159D0A693B}.Release|Any CPU.ActiveCfg = Release|Any CPU
		{13E98464-688F-A204-BF36-CD159D0A693B}.Release|Any CPU.Build.0 = Release|Any CPU
		{13E98464-688F-A204-BF36-CD159D0A693B}.Release|Any CPU.Deploy.0 = Release|Any CPU
	EndGlobalSection
	GlobalSection(SolutionProperties) = preSolution
		HideSolutionNode = FALSE
	EndGlobalSection
	GlobalSection(NestedProjects) = preSolution
		{E674D76B-3B31-8C72-5AEF-99CC4936861E} = {02EA681E-C7D8-13C7-8484-4AC65E1B71E8}
		{0D6E900E-6D04-EB0C-5E34-F1BCF0AC6248} = {1265C23B-E3DB-4FDE-877A-3AF640718D73}
		{CB02C990-C604-BC72-9FA1-F057090BA49B} = {D7634A79-FC4A-4947-8788-C6484925A46A}
		{AAFBAE36-4A83-244F-B5CE-C82FD3041B07} = {3B4338CA-02CA-4503-A11C-9CBF7FD23897}
		{53732903-5B3C-4A3C-9F59-538B5EA7846F} = {DDDE42CE-7268-48D2-935D-7F842B65BC2F}
		{D7634A79-FC4A-4947-8788-C6484925A46A} = {DDDE42CE-7268-48D2-935D-7F842B65BC2F}
		{3B4338CA-02CA-4503-A11C-9CBF7FD23897} = {53732903-5B3C-4A3C-9F59-538B5EA7846F}
		{1265C23B-E3DB-4FDE-877A-3AF640718D73} = {DDDE42CE-7268-48D2-935D-7F842B65BC2F}
		{EEED47AD-76CD-AE2F-F060-E1B95298D78A} = {53732903-5B3C-4A3C-9F59-538B5EA7846F}
		{424A94BB-25A0-E5A5-C73B-0EB2A13C13ED} = {53732903-5B3C-4A3C-9F59-538B5EA7846F}
		{0D87B30D-3859-DF82-14F1-7FD27C3BDAA3} = {53732903-5B3C-4A3C-9F59-538B5EA7846F}
		{617C0370-DD11-4C9C-9519-EB41DAFC9598} = {DDDE42CE-7268-48D2-935D-7F842B65BC2F}
		{0DB0506D-FC45-8A47-A8E1-6F6F25A7DA08} = {617C0370-DD11-4C9C-9519-EB41DAFC9598}
		{BBD94EBE-F653-4ABA-0F89-71111FFB91D8} = {02EA681E-C7D8-13C7-8484-4AC65E1B71E8}
		{964AAA16-A17E-1D20-D4AD-9CA011DDAD47} = {02EA681E-C7D8-13C7-8484-4AC65E1B71E8}
		{50DF90C9-5708-411A-9D7B-9C20DC4E1705} = {DDDE42CE-7268-48D2-935D-7F842B65BC2F}
		{13E98464-688F-A204-BF36-CD159D0A693B} = {50DF90C9-5708-411A-9D7B-9C20DC4E1705}
	EndGlobalSection
	GlobalSection(ExtensibilityGlobals) = postSolution
		SolutionGuid = {6369AA69-4B65-4AD3-B1DB-1562BD8A064E}
	EndGlobalSection
EndGlobal
