{
  "name": "CesiMange",
  "lockfileVersion": 3,
  "requires": true,
  "packages": {
    "": {
      "dependencies": {
        "gmake": "^1.0.8"
      }
    },
    "node_modules/commander": {
      "version": "2.20.3",
      "resolved": "https://registry.npmjs.org/commander/-/commander-2.20.3.tgz",
      "integrity": "sha512-GpVkmM8vF2vQUkj2LvZmD35JxeJOLCwJ9cUkugyk2nuhbv3+mJvpLYYt+0+USMxE+oj+ey/lJEnhZw75x/OMcQ==",
      "license": "MIT"
    },
    "node_modules/gmake": {
      "version": "1.0.8",
      "resolved": "https://registry.npmjs.org/gmake/-/gmake-1.0.8.tgz",
      "integrity": "sha512-rrgXLo4FhYbEi/C35/5PjgB3xTbOtGAY0zf3pSbZUPm4+mqjn5YkvGhYNQZQqJsydnunEqScPZ0eZUsnQVavIw==",
      "license": "ISC",
      "dependencies": {
        "commander": "^2.2.0"
      },
      "bin": {
        "gmake": "gmake.js"
      }
    }
  }
}
